// !$*UTF8*$!
{
	archiveVersion = 1;
	classes = {
	};
	objectVersion = 50;
	objects = {

/* Begin PBXBuildFile section */
		174768872173563A00496AE2 /* DataModel.swift in Sources */ = {isa = PBXBuildFile; fileRef = 174768862173563A00496AE2 /* DataModel.swift */; };
		174768892173571B00496AE2 /* Extensions.swift in Sources */ = {isa = PBXBuildFile; fileRef = 174768882173571B00496AE2 /* Extensions.swift */; };
		1747688B21735B2600496AE2 /* ApiManager.swift in Sources */ = {isa = PBXBuildFile; fileRef = 1747688A21735B2600496AE2 /* ApiManager.swift */; };
		1747688D21735DE400496AE2 /* ApiList.swift in Sources */ = {isa = PBXBuildFile; fileRef = 1747688C21735DE400496AE2 /* ApiList.swift */; };
		1747688F2173709100496AE2 /* DetailsViewController.swift in Sources */ = {isa = PBXBuildFile; fileRef = 1747688E2173709100496AE2 /* DetailsViewController.swift */; };
		174768912173746D00496AE2 /* ImageScrollView.swift in Sources */ = {isa = PBXBuildFile; fileRef = 174768902173746D00496AE2 /* ImageScrollView.swift */; };
		17C469EF217351C300366252 /* AppDelegate.swift in Sources */ = {isa = PBXBuildFile; fileRef = 17C469EE217351C300366252 /* AppDelegate.swift */; };
		17C469F1217351C300366252 /* ViewController.swift in Sources */ = {isa = PBXBuildFile; fileRef = 17C469F0217351C300366252 /* ViewController.swift */; };
		17C469F4217351C300366252 /* Main.storyboard in Resources */ = {isa = PBXBuildFile; fileRef = 17C469F2217351C300366252 /* Main.storyboard */; };
		17C469F6217351C500366252 /* Assets.xcassets in Resources */ = {isa = PBXBuildFile; fileRef = 17C469F5217351C500366252 /* Assets.xcassets */; };
		17C469F9217351C500366252 /* LaunchScreen.storyboard in Resources */ = {isa = PBXBuildFile; fileRef = 17C469F7217351C500366252 /* LaunchScreen.storyboard */; };
		F23DE1E7DD8934A9FEE181EB /* Pods_assignment.framework in Frameworks */ = {isa = PBXBuildFile; fileRef = 1891EF640F6B39A59BD2A796 /* Pods_assignment.framework */; };
/* End PBXBuildFile section */

/* Begin PBXFileReference section */
		174768862173563A00496AE2 /* DataModel.swift */ = {isa = PBXFileReference; fileEncoding = 4; lastKnownFileType = sourcecode.swift; path = DataModel.swift; sourceTree = "<group>"; };
		174768882173571B00496AE2 /* Extensions.swift */ = {isa = PBXFileReference; lastKnownFileType = sourcecode.swift; path = Extensions.swift; sourceTree = "<group>"; };
		1747688A21735B2600496AE2 /* ApiManager.swift */ = {isa = PBXFileReference; lastKnownFileType = sourcecode.swift; path = ApiManager.swift; sourceTree = "<group>"; };
		1747688C21735DE400496AE2 /* ApiList.swift */ = {isa = PBXFileReference; lastKnownFileType = sourcecode.swift; path = ApiList.swift; sourceTree = "<group>"; };
		1747688E2173709100496AE2 /* DetailsViewController.swift */ = {isa = PBXFileReference; lastKnownFileType = sourcecode.swift; path = DetailsViewController.swift; sourceTree = "<group>"; };
		174768902173746D00496AE2 /* ImageScrollView.swift */ = {isa = PBXFileReference; fileEncoding = 4; lastKnownFileType = sourcecode.swift; path = ImageScrollView.swift; sourceTree = "<group>"; };
		17C469EB217351C300366252 /* assignment.app */ = {isa = PBXFileReference; explicitFileType = wrapper.application; includeInIndex = 0; path = assignment.app; sourceTree = BUILT_PRODUCTS_DIR; };
		17C469EE217351C300366252 /* AppDelegate.swift */ = {isa = PBXFileReference; lastKnownFileType = sourcecode.swift; path = AppDelegate.swift; sourceTree = "<group>"; };
		17C469F0217351C300366252 /* ViewController.swift */ = {isa = PBXFileReference; lastKnownFileType = sourcecode.swift; path = ViewController.swift; sourceTree = "<group>"; };
		17C469F3217351C300366252 /* Base */ = {isa = PBXFileReference; lastKnownFileType = file.storyboard; name = Base; path = Base.lproj/Main.storyboard; sourceTree = "<group>"; };
		17C469F5217351C500366252 /* Assets.xcassets */ = {isa = PBXFileReference; lastKnownFileType = folder.assetcatalog; path = Assets.xcassets; sourceTree = "<group>"; };
		17C469F8217351C500366252 /* Base */ = {isa = PBXFileReference; lastKnownFileType = file.storyboard; name = Base; path = Base.lproj/LaunchScreen.storyboard; sourceTree = "<group>"; };
		17C469FA217351C500366252 /* Info.plist */ = {isa = PBXFileReference; lastKnownFileType = text.plist.xml; path = Info.plist; sourceTree = "<group>"; };
		1891EF640F6B39A59BD2A796 /* Pods_assignment.framework */ = {isa = PBXFileReference; explicitFileType = wrapper.framework; includeInIndex = 0; path = Pods_assignment.framework; sourceTree = BUILT_PRODUCTS_DIR; };
		50CF1D3693B87688BB9A3308 /* Pods-assignment.release.xcconfig */ = {isa = PBXFileReference; includeInIndex = 1; lastKnownFileType = text.xcconfig; name = "Pods-assignment.release.xcconfig"; path = "Pods/Target Support Files/Pods-assignment/Pods-assignment.release.xcconfig"; sourceTree = "<group>"; };
		CDBD09DF4208BB11382C5A73 /* Pods-assignment.debug.xcconfig */ = {isa = PBXFileReference; includeInIndex = 1; lastKnownFileType = text.xcconfig; name = "Pods-assignment.debug.xcconfig"; path = "Pods/Target Support Files/Pods-assignment/Pods-assignment.debug.xcconfig"; sourceTree = "<group>"; };
/* End PBXFileReference section */

/* Begin PBXFrameworksBuildPhase section */
		17C469E8217351C300366252 /* Frameworks */ = {
			isa = PBXFrameworksBuildPhase;
			buildActionMask = 2147483647;
			files = (
				F23DE1E7DD8934A9FEE181EB /* Pods_assignment.framework in Frameworks */,
			);
			runOnlyForDeploymentPostprocessing = 0;
		};
/* End PBXFrameworksBuildPhase section */

/* Begin PBXGroup section */
		17C469E2217351C300366252 = {
			isa = PBXGroup;
			children = (
				17C469ED217351C300366252 /* assignment */,
				17C469EC217351C300366252 /* Products */,
				789F91BDDEC21DBFEE7F720A /* Pods */,
				2D7B9E6DF9087C21BF8A1C1C /* Frameworks */,
			);
			sourceTree = "<group>";
		};
		17C469EC217351C300366252 /* Products */ = {
			isa = PBXGroup;
			children = (
				17C469EB217351C300366252 /* assignment.app */,
			);
			name = Products;
			sourceTree = "<group>";
		};
		17C469ED217351C300366252 /* assignment */ = {
			isa = PBXGroup;
			children = (
				174768902173746D00496AE2 /* ImageScrollView.swift */,
				17C469EE217351C300366252 /* AppDelegate.swift */,
				17C469F0217351C300366252 /* ViewController.swift */,
				1747688E2173709100496AE2 /* DetailsViewController.swift */,
				174768862173563A00496AE2 /* DataModel.swift */,
				17C469F2217351C300366252 /* Main.storyboard */,
				17C469F5217351C500366252 /* Assets.xcassets */,
				17C469F7217351C500366252 /* LaunchScreen.storyboard */,
				17C469FA217351C500366252 /* Info.plist */,
				174768882173571B00496AE2 /* Extensions.swift */,
				1747688A21735B2600496AE2 /* ApiManager.swift */,
				1747688C21735DE400496AE2 /* ApiList.swift */,
			);
			path = assignment;
			sourceTree = "<group>";
		};
		2D7B9E6DF9087C21BF8A1C1C /* Frameworks */ = {
			isa = PBXGroup;
			children = (
				1891EF640F6B39A59BD2A796 /* Pods_assignment.framework */,
			);
			name = Frameworks;
			sourceTree = "<group>";
		};
		789F91BDDEC21DBFEE7F720A /* Pods */ = {
			isa = PBXGroup;
			children = (
				CDBD09DF4208BB11382C5A73 /* Pods-assignment.debug.xcconfig */,
				50CF1D3693B87688BB9A3308 /* Pods-assignment.release.xcconfig */,
			);
			name = Pods;
			sourceTree = "<group>";
		};
/* End PBXGroup section */

/* Begin PBXNativeTarget section */
		17C469EA217351C300366252 /* assignment */ = {
			isa = PBXNativeTarget;
			buildConfigurationList = 17C469FD217351C500366252 /* Build configuration list for PBXNativeTarget "assignment" */;
			buildPhases = (
				DFCA1F7DBA7EF510CC2CBF6E /* [CP] Check Pods Manifest.lock */,
				17C469E7217351C300366252 /* Sources */,
				17C469E8217351C300366252 /* Frameworks */,
				17C469E9217351C300366252 /* Resources */,
				FC0E81A7A80B4F9FAC4949F3 /* [CP] Embed Pods Frameworks */,
			);
			buildRules = (
			);
			dependencies = (
			);
			name = assignment;
			productName = assignment;
			productReference = 17C469EB217351C300366252 /* assignment.app */;
			productType = "com.apple.product-type.application";
		};
/* End PBXNativeTarget section */

/* Begin PBXProject section */
		17C469E3217351C300366252 /* Project object */ = {
			isa = PBXProject;
			attributes = {
				LastSwiftUpdateCheck = 1000;
				LastUpgradeCheck = 1000;
				ORGANIZATIONNAME = Chandan;
				TargetAttributes = {
					17C469EA217351C300366252 = {
						CreatedOnToolsVersion = 10.0;
					};
				};
			};
			buildConfigurationList = 17C469E6217351C300366252 /* Build configuration list for PBXProject "assignment" */;
			compatibilityVersion = "Xcode 9.3";
			developmentRegion = en;
			hasScannedForEncodings = 0;
			knownRegions = (
				en,
				Base,
			);
			mainGroup = 17C469E2217351C300366252;
			productRefGroup = 17C469EC217351C300366252 /* Products */;
			projectDirPath = "";
			projectRoot = "";
			targets = (
				17C469EA217351C300366252 /* assignment */,
			);
		};
/* End PBXProject section */

/* Begin PBXResourcesBuildPhase section */
		17C469E9217351C300366252 /* Resources */ = {
			isa = PBXResourcesBuildPhase;
			buildActionMask = 2147483647;
			files = (
				17C469F9217351C500366252 /* LaunchScreen.storyboard in Resources */,
				17C469F6217351C500366252 /* Assets.xcassets in Resources */,
				17C469F4217351C300366252 /* Main.storyboard in Resources */,
			);
			runOnlyForDeploymentPostprocessing = 0;
		};
/* End PBXResourcesBuildPhase section */

/* Begin PBXShellScriptBuildPhase section */
		DFCA1F7DBA7EF510CC2CBF6E /* [CP] Check Pods Manifest.lock */ = {
			isa = PBXShellScriptBuildPhase;
			buildActionMask = 2147483647;
			files = (
			);
			inputPaths = (
				"${PODS_PODFILE_DIR_PATH}/Podfile.lock",
				"${PODS_ROOT}/Manifest.lock",
			);
			name = "[CP] Check Pods Manifest.lock";
			outputPaths = (
				"$(DERIVED_FILE_DIR)/Pods-assignment-checkManifestLockResult.txt",
			);
			runOnlyForDeploymentPostprocessing = 0;
			shellPath = /bin/sh;
			shellScript = "diff \"${PODS_PODFILE_DIR_PATH}/Podfile.lock\" \"${PODS_ROOT}/Manifest.lock\" > /dev/null\nif [ $? != 0 ] ; then\n    # print error to STDERR\n    echo \"error: The sandbox is not in sync with the Podfile.lock. Run 'pod install' or update your CocoaPods installation.\" >&2\n    exit 1\nfi\n# This output is used by Xcode 'outputs' to avoid re-running this script phase.\necho \"SUCCESS\" > \"${SCRIPT_OUTPUT_FILE_0}\"\n";
			showEnvVarsInLog = 0;
		};
		FC0E81A7A80B4F9FAC4949F3 /* [CP] Embed Pods Frameworks */ = {
			isa = PBXShellScriptBuildPhase;
			buildActionMask = 2147483647;
			files = (
			);
			inputPaths = (
				"${SRCROOT}/Pods/Target Support Files/Pods-assignment/Pods-assignment-frameworks.sh",
				"${BUILT_PRODUCTS_DIR}/Alamofire/Alamofire.framework",
				"${BUILT_PRODUCTS_DIR}/AlamofireImage/AlamofireImage.framework",
				"${BUILT_PRODUCTS_DIR}/ObjectMapper/ObjectMapper.framework",
			);
			name = "[CP] Embed Pods Frameworks";
			outputPaths = (
				"${TARGET_BUILD_DIR}/${FRAMEWORKS_FOLDER_PATH}/Alamofire.framework",
				"${TARGET_BUILD_DIR}/${FRAMEWORKS_FOLDER_PATH}/AlamofireImage.framework",
				"${TARGET_BUILD_DIR}/${FRAMEWORKS_FOLDER_PATH}/ObjectMapper.framework",
			);
			runOnlyForDeploymentPostprocessing = 0;
			shellPath = /bin/sh;
			shellScript = "\"${SRCROOT}/Pods/Target Support Files/Pods-assignment/Pods-assignment-frameworks.sh\"\n";
			showEnvVarsInLog = 0;
		};
/* End PBXShellScriptBuildPhase section */

/* Begin PBXSourcesBuildPhase section */
		17C469E7217351C300366252 /* Sources */ = {
			isa = PBXSourcesBuildPhase;
			buildActionMask = 2147483647;
			files = (
				1747688D21735DE400496AE2 /* ApiList.swift in Sources */,
				17C469F1217351C300366252 /* ViewController.swift in Sources */,
				17C469EF217351C300366252 /* AppDelegate.swift in Sources */,
				1747688B21735B2600496AE2 /* ApiManager.swift in Sources */,
				1747688F2173709100496AE2 /* DetailsViewController.swift in Sources */,
				174768912173746D00496AE2 /* ImageScrollView.swift in Sources */,
				174768872173563A00496AE2 /* DataModel.swift in Sources */,
				174768892173571B00496AE2 /* Extensions.swift in Sources */,
			);
			runOnlyForDeploymentPostprocessing = 0;
		};
/* End PBXSourcesBuildPhase section */

/* Begin PBXVariantGroup section */
		17C469F2217351C300366252 /* Main.storyboard */ = {
			isa = PBXVariantGroup;
			children = (
				17C469F3217351C300366252 /* Base */,
			);
			name = Main.storyboard;
			sourceTree = "<group>";
		};
		17C469F7217351C500366252 /* LaunchScreen.storyboard */ = {
			isa = PBXVariantGroup;
			children = (
				17C469F8217351C500366252 /* Base */,
			);
			name = LaunchScreen.storyboard;
			sourceTree = "<group>";
		};
/* End PBXVariantGroup section */

/* Begin XCBuildConfiguration section */
		17C469FB217351C500366252 /* Debug */ = {
			isa = XCBuildConfiguration;
			buildSettings = {
				ALWAYS_SEARCH_USER_PATHS = NO;
				CLANG_ANALYZER_NONNULL = YES;
				CLANG_ANALYZER_NUMBER_OBJECT_CONVERSION = YES_AGGRESSIVE;
				CLANG_CXX_LANGUAGE_STANDARD = "gnu++14";
				CLANG_CXX_LIBRARY = "libc++";
				CLANG_ENABLE_MODULES = YES;
				CLANG_ENABLE_OBJC_ARC = YES;
				CLANG_ENABLE_OBJC_WEAK = YES;
				CLANG_WARN_BLOCK_CAPTURE_AUTORELEASING = YES;
				CLANG_WARN_BOOL_CONVERSION = YES;
				CLANG_WARN_COMMA = YES;
				CLANG_WARN_CONSTANT_CONVERSION = YES;
				CLANG_WARN_DEPRECATED_OBJC_IMPLEMENTATIONS = YES;
				CLANG_WARN_DIRECT_OBJC_ISA_USAGE = YES_ERROR;
				CLANG_WARN_DOCUMENTATION_COMMENTS = YES;
				CLANG_WARN_EMPTY_BODY = YES;
				CLANG_WARN_ENUM_CONVERSION = YES;
				CLANG_WARN_INFINITE_RECURSION = YES;
				CLANG_WARN_INT_CONVERSION = YES;
				CLANG_WARN_NON_LITERAL_NULL_CONVERSION = YES;
				CLANG_WARN_OBJC_IMPLICIT_RETAIN_SELF = YES;
				CLANG_WARN_OBJC_LITERAL_CONVERSION = YES;
				CLANG_WARN_OBJC_ROOT_CLASS = YES_ERROR;
				CLANG_WARN_RANGE_LOOP_ANALYSIS = YES;
				CLANG_WARN_STRICT_PROTOTYPES = YES;
				CLANG_WARN_SUSPICIOUS_MOVE = YES;
				CLANG_WARN_UNGUARDED_AVAILABILITY = YES_AGGRESSIVE;
				CLANG_WARN_UNREACHABLE_CODE = YES;
				CLANG_WARN__DUPLICATE_METHOD_MATCH = YES;
				CODE_SIGN_IDENTITY = "iPhone Developer";
				COPY_PHASE_STRIP = NO;
				DEBUG_INFORMATION_FORMAT = dwarf;
				ENABLE_STRICT_OBJC_MSGSEND = YES;
				ENABLE_TESTABILITY = YES;
				GCC_C_LANGUAGE_STANDARD = gnu11;
				GCC_DYNAMIC_NO_PIC = NO;
				GCC_NO_COMMON_BLOCKS = YES;
				GCC_OPTIMIZATION_LEVEL = 0;
				GCC_PREPROCESSOR_DEFINITIONS = (
					"DEBUG=1",
					"$(inherited)",
				);
				GCC_WARN_64_TO_32_BIT_CONVERSION = YES;
				GCC_WARN_ABOUT_RETURN_TYPE = YES_ERROR;
				GCC_WARN_UNDECLARED_SELECTOR = YES;
				GCC_WARN_UNINITIALIZED_AUTOS = YES_AGGRESSIVE;
				GCC_WARN_UNUSED_FUNCTION = YES;
				GCC_WARN_UNUSED_VARIABLE = YES;
				IPHONEOS_DEPLOYMENT_TARGET = 12.0;
				MTL_ENABLE_DEBUG_INFO = INCLUDE_SOURCE;
				MTL_FAST_MATH = YES;
				ONLY_ACTIVE_ARCH = YES;
				SDKROOT = iphoneos;
				SWIFT_ACTIVE_COMPILATION_CONDITIONS = DEBUG;
				SWIFT_OPTIMIZATION_LEVEL = "-Onone";
			};
			name = Debug;
		};
		17C469FC217351C500366252 /* Release */ = {
			isa = XCBuildConfiguration;
			buildSettings = {
				ALWAYS_SEARCH_USER_PATHS = NO;
				CLANG_ANALYZER_NONNULL = YES;
				CLANG_ANALYZER_NUMBER_OBJECT_CONVERSION = YES_AGGRESSIVE;
				CLANG_CXX_LANGUAGE_STANDARD = "gnu++14";
				CLANG_CXX_LIBRARY = "libc++";
				CLANG_ENABLE_MODULES = YES;
				CLANG_ENABLE_OBJC_ARC = YES;
				CLANG_ENABLE_OBJC_WEAK = YES;
				CLANG_WARN_BLOCK_CAPTURE_AUTORELEASING = YES;
				CLANG_WARN_BOOL_CONVERSION = YES;
				CLANG_WARN_COMMA = YES;
				CLANG_WARN_CONSTANT_CONVERSION = YES;
				CLANG_WARN_DEPRECATED_OBJC_IMPLEMENTATIONS = YES;
				CLANG_WARN_DIRECT_OBJC_ISA_USAGE = YES_ERROR;
				CLANG_WARN_DOCUMENTATION_COMMENTS = YES;
				CLANG_WARN_EMPTY_BODY = YES;
				CLANG_WARN_ENUM_CONVERSION = YES;
				CLANG_WARN_INFINITE_RECURSION = YES;
				CLANG_WARN_INT_CONVERSION = YES;
				CLANG_WARN_NON_LITERAL_NULL_CONVERSION = YES;
				CLANG_WARN_OBJC_IMPLICIT_RETAIN_SELF = YES;
				CLANG_WARN_OBJC_LITERAL_CONVERSION = YES;
				CLANG_WARN_OBJC_ROOT_CLASS = YES_ERROR;
				CLANG_WARN_RANGE_LOOP_ANALYSIS = YES;
				CLANG_WARN_STRICT_PROTOTYPES = YES;
				CLANG_WARN_SUSPICIOUS_MOVE = YES;
				CLANG_WARN_UNGUARDED_AVAILABILITY = YES_AGGRESSIVE;
				CLANG_WARN_UNREACHABLE_CODE = YES;
				CLANG_WARN__DUPLICATE_METHOD_MATCH = YES;
				CODE_SIGN_IDENTITY = "iPhone Developer";
				COPY_PHASE_STRIP = NO;
				DEBUG_INFORMATION_FORMAT = "dwarf-with-dsym";
				ENABLE_NS_ASSERTIONS = NO;
				ENABLE_STRICT_OBJC_MSGSEND = YES;
				GCC_C_LANGUAGE_STANDARD = gnu11;
				GCC_NO_COMMON_BLOCKS = YES;
				GCC_WARN_64_TO_32_BIT_CONVERSION = YES;
				GCC_WARN_ABOUT_RETURN_TYPE = YES_ERROR;
				GCC_WARN_UNDECLARED_SELECTOR = YES;
				GCC_WARN_UNINITIALIZED_AUTOS = YES_AGGRESSIVE;
				GCC_WARN_UNUSED_FUNCTION = YES;
				GCC_WARN_UNUSED_VARIABLE = YES;
				IPHONEOS_DEPLOYMENT_TARGET = 12.0;
				MTL_ENABLE_DEBUG_INFO = NO;
				MTL_FAST_MATH = YES;
				SDKROOT = iphoneos;
				SWIFT_COMPILATION_MODE = wholemodule;
				SWIFT_OPTIMIZATION_LEVEL = "-O";
				VALIDATE_PRODUCT = YES;
			};
			name = Release;
		};
		17C469FE217351C500366252 /* Debug */ = {
			isa = XCBuildConfiguration;
			baseConfigurationReference = CDBD09DF4208BB11382C5A73 /* Pods-assignment.debug.xcconfig */;
			buildSettings = {
				ASSETCATALOG_COMPILER_APPICON_NAME = AppIcon;
				CODE_SIGN_STYLE = Automatic;
				DEVELOPMENT_TEAM = "";
				INFOPLIST_FILE = assignment/Info.plist;
				IPHONEOS_DEPLOYMENT_TARGET = 10.0;
				LD_RUNPATH_SEARCH_PATHS = (
					"$(inherited)",
					"@executable_path/Frameworks",
				);
				PRODUCT_BUNDLE_IDENTIFIER = com.chanonly123.assignment;
				PRODUCT_NAME = "$(TARGET_NAME)";
				SWIFT_VERSION = 4.0;
				TARGETED_DEVICE_FAMILY = "1,2";
			};
			name = Debug;
		};
		17C469FF217351C500366252 /* Release */ = {
			isa = XCBuildConfiguration;
			baseConfigurationReference = 50CF1D3693B87688BB9A3308 /* Pods-assignment.release.xcconfig */;
			buildSettings = {
				ASSETCATALOG_COMPILER_APPICON_NAME = AppIcon;
				CODE_SIGN_STYLE = Automatic;
				DEVELOPMENT_TEAM = "";
				INFOPLIST_FILE = assignment/Info.plist;
				IPHONEOS_DEPLOYMENT_TARGET = 10.0;
				LD_RUNPATH_SEARCH_PATHS = (
					"$(inherited)",
					"@executable_path/Frameworks",
				);
				PRODUCT_BUNDLE_IDENTIFIER = com.chanonly123.assignment;
				PRODUCT_NAME = "$(TARGET_NAME)";
				SWIFT_VERSION = 4.0;
				TARGETED_DEVICE_FAMILY = "1,2";
			};
			name = Release;
		};
/* End XCBuildConfiguration section */

/* Begin XCConfigurationList section */
		17C469E6217351C300366252 /* Build configuration list for PBXProject "assignment" */ = {
			isa = XCConfigurationList;
			buildConfigurations = (
				17C469FB217351C500366252 /* Debug */,
				17C469FC217351C500366252 /* Release */,
			);
			defaultConfigurationIsVisible = 0;
			defaultConfigurationName = Release;
		};
		17C469FD217351C500366252 /* Build configuration list for PBXNativeTarget "assignment" */ = {
			isa = XCConfigurationList;
			buildConfigurations = (
				17C469FE217351C500366252 /* Debug */,
				17C469FF217351C500366252 /* Release */,
			);
			defaultConfigurationIsVisible = 0;
			defaultConfigurationName = Release;
		};
/* End XCConfigurationList section */
	};
	rootObject = 17C469E3217351C300366252 /* Project object */;
}
